
Microsoft Visual Studio Solution File, Format Version 12.00
# Visual Studio Version 17
VisualStudioVersion = 17.5.33627.172
MinimumVisualStudioVersion = 10.0.40219.1
Project("{FAE04EC0-301F-11D3-BF4B-00C04F79EFBC}") = "ContactsAPI", "ContactsAPI\ContactsAPI.csproj", "{D8A8CCC7-7BA4-4781-BE61-0B2D0E1D4504}"
EndProject
Global
	GlobalSection(SolutionConfigurationPlatforms) = preSolution
		Debug|Any CPU = Debug|Any CPU
		Release|Any CPU = Release|Any CPU
	EndGlobalSection
	GlobalSection(ProjectConfigurationPlatforms) = postSolution
		{D8A8CCC7-7BA4-4781-BE61-0B2D0E1D4504}.Debug|Any CPU.ActiveCfg = Debug|Any CPU
		{D8A8CCC7-7BA4-4781-BE61-0B2D0E1D4504}.Debug|Any CPU.Build.0 = Debug|Any CPU
		{D8A8CCC7-7BA4-4781-BE61-0B2D0E1D4504}.Release|Any CPU.ActiveCfg = Release|Any CPU
		{D8A8CCC7-7BA4-4781-BE61-0B2D0E1D4504}.Release|Any CPU.Build.0 = Release|Any CPU
	EndGlobalSection
	GlobalSection(SolutionProperties) = preSolution
		HideSolutionNode = FALSE
	EndGlobalSection
	GlobalSection(ExtensibilityGlobals) = postSolution
		SolutionGuid = {424A938D-7D62-4FE8-AF71-5894A264A7BD}
	EndGlobalSection
EndGlobal
